
Microsoft Visual Studio Solution File, Format Version 12.00
# Visual Studio 15
VisualStudioVersion = 15.0.28307.539
MinimumVisualStudioVersion = 10.0.40219.1
Project("{FAE04EC0-301F-11D3-BF4B-00C04F79EFBC}") = "FExer01_A", "Naanep_FExer01\FExer01_A.csproj", "{07F3EFD4-215A-4FEC-959D-4B249DDB7341}"
EndProject
Global
	GlobalSection(SolutionConfigurationPlatforms) = preSolution
		Debug|Any CPU = Debug|Any CPU
		Release|Any CPU = Release|Any CPU
	EndGlobalSection
	GlobalSection(ProjectConfigurationPlatforms) = postSolution
		{07F3EFD4-215A-4FEC-959D-4B249DDB7341}.Debug|Any CPU.ActiveCfg = Debug|Any CPU
		{07F3EFD4-215A-4FEC-959D-4B249DDB7341}.Debug|Any CPU.Build.0 = Debug|Any CPU
		{07F3EFD4-215A-4FEC-959D-4B249DDB7341}.Release|Any CPU.ActiveCfg = Release|Any CPU
		{07F3EFD4-215A-4FEC-959D-4B249DDB7341}.Release|Any CPU.Build.0 = Release|Any CPU
	EndGlobalSection
	GlobalSection(SolutionProperties) = preSolution
		HideSolutionNode = FALSE
	EndGlobalSection
	GlobalSection(ExtensibilityGlobals) = postSolution
		SolutionGuid = {57CECAEE-B9A0-41F6-9AF5-B15426DCBE87}
	EndGlobalSection
EndGlobal
